<?xml version="1.0" encoding="utf-8"?>
<Project ToolsVersion="4.0" xmlns="http://schemas.microsoft.com/developer/msbuild/2003">
  <ItemGroup>
    <Filter Include="Source Files">
      <UniqueIdentifier>{4FC737F1-C7A5-4376-A066-2A32D752A2FF}</UniqueIdentifier>
      <Extensions>cpp;c;cc;cxx;def;odl;idl;hpj;bat;asm;asmx</Extensions>
    </Filter>
    <Filter Include="Header Files">
      <UniqueIdentifier>{93995380-89BD-4b04-88EB-625FBE52EBFB}</UniqueIdentifier>
      <Extensions>h;hpp;hxx;hm;inl;inc;xsd</Extensions>
    </Filter>
    <Filter Include="Resource Files">
      <UniqueIdentifier>{67DA6AB6-F800-4c08-8B7A-83BB121AAD01}</UniqueIdentifier>
      <Extensions>rc;ico;cur;bmp;dlg;rc2;rct;bin;rgs;gif;jpg;jpeg;jpe;resx;tiff;tif;png;wav;mfcribbon-ms</Extensions>
    </Filter>
    <Filter Include="Generated Files">
      <UniqueIdentifier>{705c5d4f-b13f-4f71-90f1-d8975dc0157c}</UniqueIdentifier>
    </Filter>
  </ItemGroup>
  <ItemGroup>
    <ClInclude Include="..\parser\bison\cbp.tab.h">
      <Filter>Generated Files</Filter>
    </ClInclude>
    <ClInclude Include="..\include\parser\AbstractNodes.h">
      <Filter>Header Files</Filter>
    </ClInclude>
    <ClInclude Include="..\include\parser\ExprNodes.h">
      <Filter>Header Files</Filter>
    </ClInclude>
    <ClInclude Include="..\include\parser\ProgramNodes.h">
      <Filter>Header Files</Filter>
    </ClInclude>
    <ClInclude Include="..\include\symboltable\ArrayType.h">
      <Filter>Header Files</Filter>
    </ClInclude>
    <ClInclude Include="..\include\symboltable\ConstantDef.h">
      <Filter>Header Files</Filter>
    </ClInclude>
    <ClInclude Include="..\include\symboltable\Definition.h">
      <Filter>Header Files</Filter>
    </ClInclude>
    <ClInclude Include="..\include\symboltable\FunctionDef.h">
      <Filter>Header Files</Filter>
    </ClInclude>
    <ClInclude Include="..\include\symboltable\Scope.h">
      <Filter>Header Files</Filter>
    </ClInclude>
    <ClInclude Include="..\include\symboltable\SimpleType.h">
      <Filter>Header Files</Filter>
    </ClInclude>
    <ClInclude Include="..\include\symboltable\StructType.h">
      <Filter>Header Files</Filter>
    </ClInclude>
    <ClInclude Include="..\include\symboltable\SymbolTable.h">
      <Filter>Header Files</Filter>
    </ClInclude>
    <ClInclude Include="..\include\symboltable\Type.h">
      <Filter>Header Files</Filter>
    </ClInclude>
    <ClInclude Include="..\include\symboltable\VariableDef.h">
      <Filter>Header Files</Filter>
    </ClInclude>
  </ItemGroup>
  <ItemGroup>
    <ClCompile Include="..\main.cpp">
      <Filter>Source Files</Filter>
    </ClCompile>
    <ClCompile Include="..\parser\bison\cbp.cpp">
      <Filter>Generated Files</Filter>
    </ClCompile>
    <ClCompile Include="..\parser\bison\lex.yy.cpp">
      <Filter>Generated Files</Filter>
    </ClCompile>
    <ClCompile Include="..\parser\src\Scope.cpp">
      <Filter>Source Files</Filter>
    </ClCompile>
    <ClCompile Include="..\parser\src\Node.cpp">
      <Filter>Source Files</Filter>
    </ClCompile>
    <ClCompile Include="..\parser\src\SymbolTable.cpp">
      <Filter>Source Files</Filter>
    </ClCompile>
  </ItemGroup>
  <ItemGroup>
    <None Include="..\parser\bison\cbp.lex">
      <Filter>Resource Files</Filter>
    </None>
    <None Include="..\parser\bison\cbp.y">
      <Filter>Resource Files</Filter>
    </None>
    <None Include="..\examples\sdl_surface.cbp">
      <Filter>Resource Files</Filter>
    </None>
    <None Include="..\examples\working.cbp">
      <Filter>Resource Files</Filter>
    </None>
  </ItemGroup>
</Project>