func main () : void {
    local var x : uint32 1
    local var y : uint32 2
    local var z : uint32 3
    1 & 2
    10 | 1
    3 ^ 1
    1 << 3
    256 >> 8
    10 + 1
    5 - 7
    5 - -7
    x = 2
    x = 1
    y = 2
    z = x | y
    x = 1
    y = 2
    z = x & y
    x = 1
    y = 2
    z = x ^ y
    x = 1
    y = 2
    z = x << y
    x = 1
    y = 2
    z = x >> y
    x = 5 - 7
    y = 5 - -7
}
