#func abi_c writeInt(value: uint32): void
#func abi_c writeLineEnd(): void
func abi_c print_eax(): void


func main (): void {
    local var x : int16 1 # bug: output is only "movl $1,%eax"
    local var y : int32 2
    local var z : uint32 3

	
    x
#
#
#
	| 3 # = 3
	call print_eax()
    2 & 3 # = 2
    2 ^ 3 # = 1
    1 << 2 # = 4
    4 >> 1 # = 2
    1
	+
	9  # = 10
    9 - 2  # = 7
#
#call writeInt(0)
#call writeLineEnd()

#    x = 2 # Absturz
#    y = 3 # Absturz
#    x | y # Absturz

#    y = 2
#    z = x | y
#    x = 1
#    y = 2
#    z = x & y
#    x = 1
#    y = 2
#    z = x ^ y
#    x = 1
#    y = 2
#    z = x << y
#    x = 1
#    y = 2
#    z = x >> y
#    x = 1
#    y = 2
#    x = x + y
#    x = 1
#    y = 2
#    y = x - y
}
