# func test (a : uint32 b : uint32) : uint32 {
#    local var local_var : uint32
#    local_var = a+b
#    return local_var
# }

func main () : void {
    local var a : uint32
    local var b : uint32
    local var c : uint32
    local var d : uint32
    a = 4
    b = 5
    c = a + b
    c = a - b
    c = a * b
    c = a / b
    d = a / c
    if c {
        d = a
    }
    c = a + 1 - b
    if c {
        d = a
    }
    c = a + b
    if c {
        d = a
    }
  # return call test(5 6)
}
